
Microsoft Visual Studio Solution File, Format Version 12.00
# Visual Studio Version 17
VisualStudioVersion = 17.14.36408.4 d17.14
MinimumVisualStudioVersion = 10.0.40219.1
Project("{FAE04EC0-301F-11D3-BF4B-00C04F79EFBC}") = "Admin", "Admin\Admin.csproj", "{E82660EB-BC6B-4361-B496-E45AEEC0DB11}"
EndProject
Project("{2150E333-8FDC-42A3-9474-1A3956D46DE8}") = "Admin", "Admin", "{02EA681E-C7D8-13C7-8484-4AC65E1B71E8}"
EndProject
Project("{2150E333-8FDC-42A3-9474-1A3956D46DE8}") = "Domain", "Domain", "{890F768E-0E35-47D5-9371-5B3CD5C024B1}"
EndProject
Project("{2150E333-8FDC-42A3-9474-1A3956D46DE8}") = "Web", "Web", "{95DB679A-0C0B-4961-8CB8-218813BFCF87}"
EndProject
Project("{2150E333-8FDC-42A3-9474-1A3956D46DE8}") = "IOC", "IOC", "{246387D6-534C-46C6-B9CA-746F1BFCF845}"
EndProject
Project("{2150E333-8FDC-42A3-9474-1A3956D46DE8}") = "Data", "Data", "{41E0C62F-293F-4359-9BBF-2B51495C81C7}"
EndProject
Project("{FAE04EC0-301F-11D3-BF4B-00C04F79EFBC}") = "Data", "Data\Data.csproj", "{34DB8ED3-49D9-4D2C-9699-CB000116754A}"
EndProject
Project("{FAE04EC0-301F-11D3-BF4B-00C04F79EFBC}") = "Domain", "Domain\Domain.csproj", "{A15245F0-E163-42CC-8463-444B2C792DCA}"
EndProject
Project("{FAE04EC0-301F-11D3-BF4B-00C04F79EFBC}") = "IOC", "IOC\IOC.csproj", "{F8C0938A-FD62-4975-9F10-52B977A6F78A}"
EndProject
Project("{FAE04EC0-301F-11D3-BF4B-00C04F79EFBC}") = "WebUI", "WebUI\WebUI.csproj", "{BA98E6C0-6245-49AF-9567-F45BDC0ADF63}"
EndProject
Global
	GlobalSection(SolutionConfigurationPlatforms) = preSolution
		Debug|Any CPU = Debug|Any CPU
		Release|Any CPU = Release|Any CPU
	EndGlobalSection
	GlobalSection(ProjectConfigurationPlatforms) = postSolution
		{E82660EB-BC6B-4361-B496-E45AEEC0DB11}.Debug|Any CPU.ActiveCfg = Debug|Any CPU
		{E82660EB-BC6B-4361-B496-E45AEEC0DB11}.Debug|Any CPU.Build.0 = Debug|Any CPU
		{E82660EB-BC6B-4361-B496-E45AEEC0DB11}.Release|Any CPU.ActiveCfg = Release|Any CPU
		{E82660EB-BC6B-4361-B496-E45AEEC0DB11}.Release|Any CPU.Build.0 = Release|Any CPU
		{34DB8ED3-49D9-4D2C-9699-CB000116754A}.Debug|Any CPU.ActiveCfg = Debug|Any CPU
		{34DB8ED3-49D9-4D2C-9699-CB000116754A}.Debug|Any CPU.Build.0 = Debug|Any CPU
		{34DB8ED3-49D9-4D2C-9699-CB000116754A}.Release|Any CPU.ActiveCfg = Release|Any CPU
		{34DB8ED3-49D9-4D2C-9699-CB000116754A}.Release|Any CPU.Build.0 = Release|Any CPU
		{A15245F0-E163-42CC-8463-444B2C792DCA}.Debug|Any CPU.ActiveCfg = Debug|Any CPU
		{A15245F0-E163-42CC-8463-444B2C792DCA}.Debug|Any CPU.Build.0 = Debug|Any CPU
		{A15245F0-E163-42CC-8463-444B2C792DCA}.Release|Any CPU.ActiveCfg = Release|Any CPU
		{A15245F0-E163-42CC-8463-444B2C792DCA}.Release|Any CPU.Build.0 = Release|Any CPU
		{F8C0938A-FD62-4975-9F10-52B977A6F78A}.Debug|Any CPU.ActiveCfg = Debug|Any CPU
		{F8C0938A-FD62-4975-9F10-52B977A6F78A}.Debug|Any CPU.Build.0 = Debug|Any CPU
		{F8C0938A-FD62-4975-9F10-52B977A6F78A}.Release|Any CPU.ActiveCfg = Release|Any CPU
		{F8C0938A-FD62-4975-9F10-52B977A6F78A}.Release|Any CPU.Build.0 = Release|Any CPU
		{BA98E6C0-6245-49AF-9567-F45BDC0ADF63}.Debug|Any CPU.ActiveCfg = Debug|Any CPU
		{BA98E6C0-6245-49AF-9567-F45BDC0ADF63}.Debug|Any CPU.Build.0 = Debug|Any CPU
		{BA98E6C0-6245-49AF-9567-F45BDC0ADF63}.Release|Any CPU.ActiveCfg = Release|Any CPU
		{BA98E6C0-6245-49AF-9567-F45BDC0ADF63}.Release|Any CPU.Build.0 = Release|Any CPU
	EndGlobalSection
	GlobalSection(SolutionProperties) = preSolution
		HideSolutionNode = FALSE
	EndGlobalSection
	GlobalSection(NestedProjects) = preSolution
		{E82660EB-BC6B-4361-B496-E45AEEC0DB11} = {02EA681E-C7D8-13C7-8484-4AC65E1B71E8}
		{34DB8ED3-49D9-4D2C-9699-CB000116754A} = {41E0C62F-293F-4359-9BBF-2B51495C81C7}
		{A15245F0-E163-42CC-8463-444B2C792DCA} = {890F768E-0E35-47D5-9371-5B3CD5C024B1}
		{F8C0938A-FD62-4975-9F10-52B977A6F78A} = {246387D6-534C-46C6-B9CA-746F1BFCF845}
		{BA98E6C0-6245-49AF-9567-F45BDC0ADF63} = {95DB679A-0C0B-4961-8CB8-218813BFCF87}
	EndGlobalSection
	GlobalSection(ExtensibilityGlobals) = postSolution
		SolutionGuid = {4962F608-9629-4AA0-8FFA-4B645D8C9583}
	EndGlobalSection
EndGlobal
